
Microsoft Visual Studio Solution File, Format Version 12.00
# Visual Studio Version 17
VisualStudioVersion = 17.10.35004.147
MinimumVisualStudioVersion = 10.0.40219.1
Project("{9A19103F-16F7-4668-BE54-9A1E7A4F7556}") = "ArraysIntro", "ArraysIntro\ArraysIntro.csproj", "{94EF04B7-055C-4237-A058-B3751A224097}"
EndProject
Project("{9A19103F-16F7-4668-BE54-9A1E7A4F7556}") = "ListsIntro", "ListsIntro\ListsIntro.csproj", "{AE99854A-2F1A-445E-BA2E-9D022A1646DB}"
EndProject
Project("{9A19103F-16F7-4668-BE54-9A1E7A4F7556}") = "CoffeeList", "CoffeeList\CoffeeList.csproj", "{2864438E-1F17-49B8-9D77-8AFB46A658B4}"
EndProject
Project("{9A19103F-16F7-4668-BE54-9A1E7A4F7556}") = "MovieList", "FilmList\MovieList.csproj", "{90A6FDA4-C391-4147-8C3A-9C011EAF0B18}"
EndProject
Project("{9A19103F-16F7-4668-BE54-9A1E7A4F7556}") = "TryCatchIntro", "TryCatchIntro\TryCatchIntro.csproj", "{22916CD3-6775-47E1-A7A9-15CFCF787B91}"
EndProject
Project("{FAE04EC0-301F-11D3-BF4B-00C04F79EFBC}") = "CarFactory", "CarFactory\CarFactory.csproj", "{6A5CB9DC-1B6B-4096-87D4-44F6A2884C2F}"
EndProject
Global
	GlobalSection(SolutionConfigurationPlatforms) = preSolution
		Debug|Any CPU = Debug|Any CPU
		Release|Any CPU = Release|Any CPU
	EndGlobalSection
	GlobalSection(ProjectConfigurationPlatforms) = postSolution
		{94EF04B7-055C-4237-A058-B3751A224097}.Debug|Any CPU.ActiveCfg = Debug|Any CPU
		{94EF04B7-055C-4237-A058-B3751A224097}.Debug|Any CPU.Build.0 = Debug|Any CPU
		{94EF04B7-055C-4237-A058-B3751A224097}.Release|Any CPU.ActiveCfg = Release|Any CPU
		{94EF04B7-055C-4237-A058-B3751A224097}.Release|Any CPU.Build.0 = Release|Any CPU
		{AE99854A-2F1A-445E-BA2E-9D022A1646DB}.Debug|Any CPU.ActiveCfg = Debug|Any CPU
		{AE99854A-2F1A-445E-BA2E-9D022A1646DB}.Debug|Any CPU.Build.0 = Debug|Any CPU
		{AE99854A-2F1A-445E-BA2E-9D022A1646DB}.Release|Any CPU.ActiveCfg = Release|Any CPU
		{AE99854A-2F1A-445E-BA2E-9D022A1646DB}.Release|Any CPU.Build.0 = Release|Any CPU
		{2864438E-1F17-49B8-9D77-8AFB46A658B4}.Debug|Any CPU.ActiveCfg = Debug|Any CPU
		{2864438E-1F17-49B8-9D77-8AFB46A658B4}.Debug|Any CPU.Build.0 = Debug|Any CPU
		{2864438E-1F17-49B8-9D77-8AFB46A658B4}.Release|Any CPU.ActiveCfg = Release|Any CPU
		{2864438E-1F17-49B8-9D77-8AFB46A658B4}.Release|Any CPU.Build.0 = Release|Any CPU
		{90A6FDA4-C391-4147-8C3A-9C011EAF0B18}.Debug|Any CPU.ActiveCfg = Debug|Any CPU
		{90A6FDA4-C391-4147-8C3A-9C011EAF0B18}.Debug|Any CPU.Build.0 = Debug|Any CPU
		{90A6FDA4-C391-4147-8C3A-9C011EAF0B18}.Release|Any CPU.ActiveCfg = Release|Any CPU
		{90A6FDA4-C391-4147-8C3A-9C011EAF0B18}.Release|Any CPU.Build.0 = Release|Any CPU
		{22916CD3-6775-47E1-A7A9-15CFCF787B91}.Debug|Any CPU.ActiveCfg = Debug|Any CPU
		{22916CD3-6775-47E1-A7A9-15CFCF787B91}.Debug|Any CPU.Build.0 = Debug|Any CPU
		{22916CD3-6775-47E1-A7A9-15CFCF787B91}.Release|Any CPU.ActiveCfg = Release|Any CPU
		{22916CD3-6775-47E1-A7A9-15CFCF787B91}.Release|Any CPU.Build.0 = Release|Any CPU
		{6A5CB9DC-1B6B-4096-87D4-44F6A2884C2F}.Debug|Any CPU.ActiveCfg = Debug|Any CPU
		{6A5CB9DC-1B6B-4096-87D4-44F6A2884C2F}.Debug|Any CPU.Build.0 = Debug|Any CPU
		{6A5CB9DC-1B6B-4096-87D4-44F6A2884C2F}.Release|Any CPU.ActiveCfg = Release|Any CPU
		{6A5CB9DC-1B6B-4096-87D4-44F6A2884C2F}.Release|Any CPU.Build.0 = Release|Any CPU
	EndGlobalSection
	GlobalSection(SolutionProperties) = preSolution
		HideSolutionNode = FALSE
	EndGlobalSection
	GlobalSection(ExtensibilityGlobals) = postSolution
		SolutionGuid = {DBD36F9E-4BF5-4632-92F8-A2BD2649669A}
	EndGlobalSection
EndGlobal
